// !$*UTF8*$!
{
	archiveVersion = 1;
	classes = {
	};
	objectVersion = 56;
	objects = {

/* Begin PBXBuildFile section */
		5188208E2C17B9FA001A4595 /* AppDelegate.swift in Sources */ = {isa = PBXBuildFile; fileRef = 5188208D2C17B9FA001A4595 /* AppDelegate.swift */; };
		518820902C17B9FA001A4595 /* Shaders.metal in Sources */ = {isa = PBXBuildFile; fileRef = 5188208F2C17B9FA001A4595 /* Shaders.metal */; };
		518820932C17B9FA001A4595 /* Renderer.swift in Sources */ = {isa = PBXBuildFile; fileRef = 518820922C17B9FA001A4595 /* Renderer.swift */; };
		518820952C17B9FA001A4595 /* ViewController.swift in Sources */ = {isa = PBXBuildFile; fileRef = 518820942C17B9FA001A4595 /* ViewController.swift */; };
		518820982C17B9FA001A4595 /* Base in Resources */ = {isa = PBXBuildFile; fileRef = 518820972C17B9FA001A4595 /* Base */; };
		5188209A2C17B9FB001A4595 /* Assets.xcassets in Resources */ = {isa = PBXBuildFile; fileRef = 518820992C17B9FB001A4595 /* Assets.xcassets */; };
		5188209D2C17B9FB001A4595 /* Base in Resources */ = {isa = PBXBuildFile; fileRef = 5188209C2C17B9FB001A4595 /* Base */; };
		518820A82C17B9FB001A4595 /* syfhacks_vr_egg2Tests.swift in Sources */ = {isa = PBXBuildFile; fileRef = 518820A72C17B9FB001A4595 /* syfhacks_vr_egg2Tests.swift */; };
		518820B22C17B9FB001A4595 /* syfhacks_vr_egg2UITests.swift in Sources */ = {isa = PBXBuildFile; fileRef = 518820B12C17B9FB001A4595 /* syfhacks_vr_egg2UITests.swift */; };
		518820B42C17B9FB001A4595 /* syfhacks_vr_egg2UITestsLaunchTests.swift in Sources */ = {isa = PBXBuildFile; fileRef = 518820B32C17B9FB001A4595 /* syfhacks_vr_egg2UITestsLaunchTests.swift */; };
/* End PBXBuildFile section */

/* Begin PBXContainerItemProxy section */
		518820A42C17B9FB001A4595 /* PBXContainerItemProxy */ = {
			isa = PBXContainerItemProxy;
			containerPortal = 518820822C17B9FA001A4595 /* Project object */;
			proxyType = 1;
			remoteGlobalIDString = 518820892C17B9FA001A4595;
			remoteInfo = syfhacks_vr_egg2;
		};
		518820AE2C17B9FB001A4595 /* PBXContainerItemProxy */ = {
			isa = PBXContainerItemProxy;
			containerPortal = 518820822C17B9FA001A4595 /* Project object */;
			proxyType = 1;
			remoteGlobalIDString = 518820892C17B9FA001A4595;
			remoteInfo = syfhacks_vr_egg2;
		};
/* End PBXContainerItemProxy section */

/* Begin PBXFileReference section */
		5188208A2C17B9FA001A4595 /* syfhacks_vr_egg2.app */ = {isa = PBXFileReference; explicitFileType = wrapper.application; includeInIndex = 0; path = syfhacks_vr_egg2.app; sourceTree = BUILT_PRODUCTS_DIR; };
		5188208D2C17B9FA001A4595 /* AppDelegate.swift */ = {isa = PBXFileReference; lastKnownFileType = sourcecode.swift; path = AppDelegate.swift; sourceTree = "<group>"; };
		5188208F2C17B9FA001A4595 /* Shaders.metal */ = {isa = PBXFileReference; lastKnownFileType = sourcecode.metal; path = Shaders.metal; sourceTree = "<group>"; };
		518820912C17B9FA001A4595 /* ShaderTypes.h */ = {isa = PBXFileReference; lastKnownFileType = sourcecode.c.h; path = ShaderTypes.h; sourceTree = "<group>"; };
		518820922C17B9FA001A4595 /* Renderer.swift */ = {isa = PBXFileReference; lastKnownFileType = sourcecode.swift; path = Renderer.swift; sourceTree = "<group>"; };
		518820942C17B9FA001A4595 /* ViewController.swift */ = {isa = PBXFileReference; lastKnownFileType = sourcecode.swift; path = ViewController.swift; sourceTree = "<group>"; };
		518820972C17B9FA001A4595 /* Base */ = {isa = PBXFileReference; lastKnownFileType = file.storyboard; name = Base; path = Base.lproj/Main.storyboard; sourceTree = "<group>"; };
		518820992C17B9FB001A4595 /* Assets.xcassets */ = {isa = PBXFileReference; lastKnownFileType = folder.assetcatalog; path = Assets.xcassets; sourceTree = "<group>"; };
		5188209C2C17B9FB001A4595 /* Base */ = {isa = PBXFileReference; lastKnownFileType = file.storyboard; name = Base; path = Base.lproj/LaunchScreen.storyboard; sourceTree = "<group>"; };
		5188209E2C17B9FB001A4595 /* syfhacks_vr_egg2-Bridging-Header.h */ = {isa = PBXFileReference; lastKnownFileType = sourcecode.c.h; path = "syfhacks_vr_egg2-Bridging-Header.h"; sourceTree = "<group>"; };
		518820A32C17B9FB001A4595 /* syfhacks_vr_egg2Tests.xctest */ = {isa = PBXFileReference; explicitFileType = wrapper.cfbundle; includeInIndex = 0; path = syfhacks_vr_egg2Tests.xctest; sourceTree = BUILT_PRODUCTS_DIR; };
		518820A72C17B9FB001A4595 /* syfhacks_vr_egg2Tests.swift */ = {isa = PBXFileReference; lastKnownFileType = sourcecode.swift; path = syfhacks_vr_egg2Tests.swift; sourceTree = "<group>"; };
		518820AD2C17B9FB001A4595 /* syfhacks_vr_egg2UITests.xctest */ = {isa = PBXFileReference; explicitFileType = wrapper.cfbundle; includeInIndex = 0; path = syfhacks_vr_egg2UITests.xctest; sourceTree = BUILT_PRODUCTS_DIR; };
		518820B12C17B9FB001A4595 /* syfhacks_vr_egg2UITests.swift */ = {isa = PBXFileReference; lastKnownFileType = sourcecode.swift; path = syfhacks_vr_egg2UITests.swift; sourceTree = "<group>"; };
		518820B32C17B9FB001A4595 /* syfhacks_vr_egg2UITestsLaunchTests.swift */ = {isa = PBXFileReference; lastKnownFileType = sourcecode.swift; path = syfhacks_vr_egg2UITestsLaunchTests.swift; sourceTree = "<group>"; };
/* End PBXFileReference section */

/* Begin PBXFrameworksBuildPhase section */
		518820872C17B9FA001A4595 /* Frameworks */ = {
			isa = PBXFrameworksBuildPhase;
			buildActionMask = 2147483647;
			files = (
			);
			runOnlyForDeploymentPostprocessing = 0;
		};
		518820A02C17B9FB001A4595 /* Frameworks */ = {
			isa = PBXFrameworksBuildPhase;
			buildActionMask = 2147483647;
			files = (
			);
			runOnlyForDeploymentPostprocessing = 0;
		};
		518820AA2C17B9FB001A4595 /* Frameworks */ = {
			isa = PBXFrameworksBuildPhase;
			buildActionMask = 2147483647;
			files = (
			);
			runOnlyForDeploymentPostprocessing = 0;
		};
/* End PBXFrameworksBuildPhase section */

/* Begin PBXGroup section */
		518820812C17B9FA001A4595 = {
			isa = PBXGroup;
			children = (
				5188208C2C17B9FA001A4595 /* syfhacks_vr_egg2 */,
				518820A62C17B9FB001A4595 /* syfhacks_vr_egg2Tests */,
				518820B02C17B9FB001A4595 /* syfhacks_vr_egg2UITests */,
				5188208B2C17B9FA001A4595 /* Products */,
			);
			sourceTree = "<group>";
		};
		5188208B2C17B9FA001A4595 /* Products */ = {
			isa = PBXGroup;
			children = (
				5188208A2C17B9FA001A4595 /* syfhacks_vr_egg2.app */,
				518820A32C17B9FB001A4595 /* syfhacks_vr_egg2Tests.xctest */,
				518820AD2C17B9FB001A4595 /* syfhacks_vr_egg2UITests.xctest */,
			);
			name = Products;
			sourceTree = "<group>";
		};
		5188208C2C17B9FA001A4595 /* syfhacks_vr_egg2 */ = {
			isa = PBXGroup;
			children = (
				5188208D2C17B9FA001A4595 /* AppDelegate.swift */,
				5188208F2C17B9FA001A4595 /* Shaders.metal */,
				518820912C17B9FA001A4595 /* ShaderTypes.h */,
				518820922C17B9FA001A4595 /* Renderer.swift */,
				518820942C17B9FA001A4595 /* ViewController.swift */,
				518820962C17B9FA001A4595 /* Main.storyboard */,
				518820992C17B9FB001A4595 /* Assets.xcassets */,
				5188209B2C17B9FB001A4595 /* LaunchScreen.storyboard */,
				5188209E2C17B9FB001A4595 /* syfhacks_vr_egg2-Bridging-Header.h */,
			);
			path = syfhacks_vr_egg2;
			sourceTree = "<group>";
		};
		518820A62C17B9FB001A4595 /* syfhacks_vr_egg2Tests */ = {
			isa = PBXGroup;
			children = (
				518820A72C17B9FB001A4595 /* syfhacks_vr_egg2Tests.swift */,
			);
			path = syfhacks_vr_egg2Tests;
			sourceTree = "<group>";
		};
		518820B02C17B9FB001A4595 /* syfhacks_vr_egg2UITests */ = {
			isa = PBXGroup;
			children = (
				518820B12C17B9FB001A4595 /* syfhacks_vr_egg2UITests.swift */,
				518820B32C17B9FB001A4595 /* syfhacks_vr_egg2UITestsLaunchTests.swift */,
			);
			path = syfhacks_vr_egg2UITests;
			sourceTree = "<group>";
		};
/* End PBXGroup section */

/* Begin PBXNativeTarget section */
		518820892C17B9FA001A4595 /* syfhacks_vr_egg2 */ = {
			isa = PBXNativeTarget;
			buildConfigurationList = 518820B72C17B9FB001A4595 /* Build configuration list for PBXNativeTarget "syfhacks_vr_egg2" */;
			buildPhases = (
				518820862C17B9FA001A4595 /* Sources */,
				518820872C17B9FA001A4595 /* Frameworks */,
				518820882C17B9FA001A4595 /* Resources */,
			);
			buildRules = (
			);
			dependencies = (
			);
			name = syfhacks_vr_egg2;
			productName = syfhacks_vr_egg2;
			productReference = 5188208A2C17B9FA001A4595 /* syfhacks_vr_egg2.app */;
			productType = "com.apple.product-type.application";
		};
		518820A22C17B9FB001A4595 /* syfhacks_vr_egg2Tests */ = {
			isa = PBXNativeTarget;
			buildConfigurationList = 518820BA2C17B9FB001A4595 /* Build configuration list for PBXNativeTarget "syfhacks_vr_egg2Tests" */;
			buildPhases = (
				5188209F2C17B9FB001A4595 /* Sources */,
				518820A02C17B9FB001A4595 /* Frameworks */,
				518820A12C17B9FB001A4595 /* Resources */,
			);
			buildRules = (
			);
			dependencies = (
				518820A52C17B9FB001A4595 /* PBXTargetDependency */,
			);
			name = syfhacks_vr_egg2Tests;
			productName = syfhacks_vr_egg2Tests;
			productReference = 518820A32C17B9FB001A4595 /* syfhacks_vr_egg2Tests.xctest */;
			productType = "com.apple.product-type.bundle.unit-test";
		};
		518820AC2C17B9FB001A4595 /* syfhacks_vr_egg2UITests */ = {
			isa = PBXNativeTarget;
			buildConfigurationList = 518820BD2C17B9FB001A4595 /* Build configuration list for PBXNativeTarget "syfhacks_vr_egg2UITests" */;
			buildPhases = (
				518820A92C17B9FB001A4595 /* Sources */,
				518820AA2C17B9FB001A4595 /* Frameworks */,
				518820AB2C17B9FB001A4595 /* Resources */,
			);
			buildRules = (
			);
			dependencies = (
				518820AF2C17B9FB001A4595 /* PBXTargetDependency */,
			);
			name = syfhacks_vr_egg2UITests;
			productName = syfhacks_vr_egg2UITests;
			productReference = 518820AD2C17B9FB001A4595 /* syfhacks_vr_egg2UITests.xctest */;
			productType = "com.apple.product-type.bundle.ui-testing";
		};
/* End PBXNativeTarget section */

/* Begin PBXProject section */
		518820822C17B9FA001A4595 /* Project object */ = {
			isa = PBXProject;
			attributes = {
				BuildIndependentTargetsInParallel = 1;
				LastSwiftUpdateCheck = 1540;
				LastUpgradeCheck = 1540;
				TargetAttributes = {
					518820892C17B9FA001A4595 = {
						CreatedOnToolsVersion = 15.4;
					};
					518820A22C17B9FB001A4595 = {
						CreatedOnToolsVersion = 15.4;
						TestTargetID = 518820892C17B9FA001A4595;
					};
					518820AC2C17B9FB001A4595 = {
						CreatedOnToolsVersion = 15.4;
						TestTargetID = 518820892C17B9FA001A4595;
					};
				};
			};
			buildConfigurationList = 518820852C17B9FA001A4595 /* Build configuration list for PBXProject "syfhacks_vr_egg2" */;
			compatibilityVersion = "Xcode 14.0";
			developmentRegion = en;
			hasScannedForEncodings = 0;
			knownRegions = (
				en,
				Base,
			);
			mainGroup = 518820812C17B9FA001A4595;
			productRefGroup = 5188208B2C17B9FA001A4595 /* Products */;
			projectDirPath = "";
			projectRoot = "";
			targets = (
				518820892C17B9FA001A4595 /* syfhacks_vr_egg2 */,
				518820A22C17B9FB001A4595 /* syfhacks_vr_egg2Tests */,
				518820AC2C17B9FB001A4595 /* syfhacks_vr_egg2UITests */,
			);
		};
/* End PBXProject section */

/* Begin PBXResourcesBuildPhase section */
		518820882C17B9FA001A4595 /* Resources */ = {
			isa = PBXResourcesBuildPhase;
			buildActionMask = 2147483647;
			files = (
				5188209A2C17B9FB001A4595 /* Assets.xcassets in Resources */,
				5188209D2C17B9FB001A4595 /* Base in Resources */,
				518820982C17B9FA001A4595 /* Base in Resources */,
			);
			runOnlyForDeploymentPostprocessing = 0;
		};
		518820A12C17B9FB001A4595 /* Resources */ = {
			isa = PBXResourcesBuildPhase;
			buildActionMask = 2147483647;
			files = (
			);
			runOnlyForDeploymentPostprocessing = 0;
		};
		518820AB2C17B9FB001A4595 /* Resources */ = {
			isa = PBXResourcesBuildPhase;
			buildActionMask = 2147483647;
			files = (
			);
			runOnlyForDeploymentPostprocessing = 0;
		};
/* End PBXResourcesBuildPhase section */

/* Begin PBXSourcesBuildPhase section */
		518820862C17B9FA001A4595 /* Sources */ = {
			isa = PBXSourcesBuildPhase;
			buildActionMask = 2147483647;
			files = (
				518820902C17B9FA001A4595 /* Shaders.metal in Sources */,
				518820932C17B9FA001A4595 /* Renderer.swift in Sources */,
				518820952C17B9FA001A4595 /* ViewController.swift in Sources */,
				5188208E2C17B9FA001A4595 /* AppDelegate.swift in Sources */,
			);
			runOnlyForDeploymentPostprocessing = 0;
		};
		5188209F2C17B9FB001A4595 /* Sources */ = {
			isa = PBXSourcesBuildPhase;
			buildActionMask = 2147483647;
			files = (
				518820A82C17B9FB001A4595 /* syfhacks_vr_egg2Tests.swift in Sources */,
			);
			runOnlyForDeploymentPostprocessing = 0;
		};
		518820A92C17B9FB001A4595 /* Sources */ = {
			isa = PBXSourcesBuildPhase;
			buildActionMask = 2147483647;
			files = (
				518820B22C17B9FB001A4595 /* syfhacks_vr_egg2UITests.swift in Sources */,
				518820B42C17B9FB001A4595 /* syfhacks_vr_egg2UITestsLaunchTests.swift in Sources */,
			);
			runOnlyForDeploymentPostprocessing = 0;
		};
/* End PBXSourcesBuildPhase section */

/* Begin PBXTargetDependency section */
		518820A52C17B9FB001A4595 /* PBXTargetDependency */ = {
			isa = PBXTargetDependency;
			target = 518820892C17B9FA001A4595 /* syfhacks_vr_egg2 */;
			targetProxy = 518820A42C17B9FB001A4595 /* PBXContainerItemProxy */;
		};
		518820AF2C17B9FB001A4595 /* PBXTargetDependency */ = {
			isa = PBXTargetDependency;
			target = 518820892C17B9FA001A4595 /* syfhacks_vr_egg2 */;
			targetProxy = 518820AE2C17B9FB001A4595 /* PBXContainerItemProxy */;
		};
/* End PBXTargetDependency section */

/* Begin PBXVariantGroup section */
		518820962C17B9FA001A4595 /* Main.storyboard */ = {
			isa = PBXVariantGroup;
			children = (
				518820972C17B9FA001A4595 /* Base */,
			);
			name = Main.storyboard;
			sourceTree = "<group>";
		};
		5188209B2C17B9FB001A4595 /* LaunchScreen.storyboard */ = {
			isa = PBXVariantGroup;
			children = (
				5188209C2C17B9FB001A4595 /* Base */,
			);
			name = LaunchScreen.storyboard;
			sourceTree = "<group>";
		};
/* End PBXVariantGroup section */

/* Begin XCBuildConfiguration section */
		518820B52C17B9FB001A4595 /* Debug */ = {
			isa = XCBuildConfiguration;
			buildSettings = {
				ALWAYS_SEARCH_USER_PATHS = NO;
				ASSETCATALOG_COMPILER_GENERATE_SWIFT_ASSET_SYMBOL_EXTENSIONS = YES;
				CLANG_ANALYZER_NONNULL = YES;
				CLANG_ANALYZER_NUMBER_OBJECT_CONVERSION = YES_AGGRESSIVE;
				CLANG_CXX_LANGUAGE_STANDARD = "gnu++20";
				CLANG_ENABLE_MODULES = YES;
				CLANG_ENABLE_OBJC_ARC = YES;
				CLANG_ENABLE_OBJC_WEAK = YES;
				CLANG_WARN_BLOCK_CAPTURE_AUTORELEASING = YES;
				CLANG_WARN_BOOL_CONVERSION = YES;
				CLANG_WARN_COMMA = YES;
				CLANG_WARN_CONSTANT_CONVERSION = YES;
				CLANG_WARN_DEPRECATED_OBJC_IMPLEMENTATIONS = YES;
				CLANG_WARN_DIRECT_OBJC_ISA_USAGE = YES_ERROR;
				CLANG_WARN_DOCUMENTATION_COMMENTS = YES;
				CLANG_WARN_EMPTY_BODY = YES;
				CLANG_WARN_ENUM_CONVERSION = YES;
				CLANG_WARN_INFINITE_RECURSION = YES;
				CLANG_WARN_INT_CONVERSION = YES;
				CLANG_WARN_NON_LITERAL_NULL_CONVERSION = YES;
				CLANG_WARN_OBJC_IMPLICIT_RETAIN_SELF = YES;
				CLANG_WARN_OBJC_LITERAL_CONVERSION = YES;
				CLANG_WARN_OBJC_ROOT_CLASS = YES_ERROR;
				CLANG_WARN_QUOTED_INCLUDE_IN_FRAMEWORK_HEADER = YES;
				CLANG_WARN_RANGE_LOOP_ANALYSIS = YES;
				CLANG_WARN_STRICT_PROTOTYPES = YES;
				CLANG_WARN_SUSPICIOUS_MOVE = YES;
				CLANG_WARN_UNGUARDED_AVAILABILITY = YES_AGGRESSIVE;
				CLANG_WARN_UNREACHABLE_CODE = YES;
				CLANG_WARN__DUPLICATE_METHOD_MATCH = YES;
				COPY_PHASE_STRIP = NO;
				DEBUG_INFORMATION_FORMAT = dwarf;
				ENABLE_STRICT_OBJC_MSGSEND = YES;
				ENABLE_TESTABILITY = YES;
				ENABLE_USER_SCRIPT_SANDBOXING = YES;
				GCC_C_LANGUAGE_STANDARD = gnu17;
				GCC_DYNAMIC_NO_PIC = NO;
				GCC_NO_COMMON_BLOCKS = YES;
				GCC_OPTIMIZATION_LEVEL = 0;
				GCC_PREPROCESSOR_DEFINITIONS = (
					"DEBUG=1",
					"$(inherited)",
				);
				GCC_WARN_64_TO_32_BIT_CONVERSION = YES;
				GCC_WARN_ABOUT_RETURN_TYPE = YES_ERROR;
				GCC_WARN_UNDECLARED_SELECTOR = YES;
				GCC_WARN_UNINITIALIZED_AUTOS = YES_AGGRESSIVE;
				GCC_WARN_UNUSED_FUNCTION = YES;
				GCC_WARN_UNUSED_VARIABLE = YES;
				IPHONEOS_DEPLOYMENT_TARGET = 17.5;
				LOCALIZATION_PREFERS_STRING_CATALOGS = YES;
				MTL_ENABLE_DEBUG_INFO = INCLUDE_SOURCE;
				MTL_FAST_MATH = YES;
				ONLY_ACTIVE_ARCH = YES;
				SDKROOT = iphoneos;
				SWIFT_ACTIVE_COMPILATION_CONDITIONS = "DEBUG $(inherited)";
				SWIFT_OPTIMIZATION_LEVEL = "-Onone";
			};
			name = Debug;
		};
		518820B62C17B9FB001A4595 /* Release */ = {
			isa = XCBuildConfiguration;
			buildSettings = {
				ALWAYS_SEARCH_USER_PATHS = NO;
				ASSETCATALOG_COMPILER_GENERATE_SWIFT_ASSET_SYMBOL_EXTENSIONS = YES;
				CLANG_ANALYZER_NONNULL = YES;
				CLANG_ANALYZER_NUMBER_OBJECT_CONVERSION = YES_AGGRESSIVE;
				CLANG_CXX_LANGUAGE_STANDARD = "gnu++20";
				CLANG_ENABLE_MODULES = YES;
				CLANG_ENABLE_OBJC_ARC = YES;
				CLANG_ENABLE_OBJC_WEAK = YES;
				CLANG_WARN_BLOCK_CAPTURE_AUTORELEASING = YES;
				CLANG_WARN_BOOL_CONVERSION = YES;
				CLANG_WARN_COMMA = YES;
				CLANG_WARN_CONSTANT_CONVERSION = YES;
				CLANG_WARN_DEPRECATED_OBJC_IMPLEMENTATIONS = YES;
				CLANG_WARN_DIRECT_OBJC_ISA_USAGE = YES_ERROR;
				CLANG_WARN_DOCUMENTATION_COMMENTS = YES;
				CLANG_WARN_EMPTY_BODY = YES;
				CLANG_WARN_ENUM_CONVERSION = YES;
				CLANG_WARN_INFINITE_RECURSION = YES;
				CLANG_WARN_INT_CONVERSION = YES;
				CLANG_WARN_NON_LITERAL_NULL_CONVERSION = YES;
				CLANG_WARN_OBJC_IMPLICIT_RETAIN_SELF = YES;
				CLANG_WARN_OBJC_LITERAL_CONVERSION = YES;
				CLANG_WARN_OBJC_ROOT_CLASS = YES_ERROR;
				CLANG_WARN_QUOTED_INCLUDE_IN_FRAMEWORK_HEADER = YES;
				CLANG_WARN_RANGE_LOOP_ANALYSIS = YES;
				CLANG_WARN_STRICT_PROTOTYPES = YES;
				CLANG_WARN_SUSPICIOUS_MOVE = YES;
				CLANG_WARN_UNGUARDED_AVAILABILITY = YES_AGGRESSIVE;
				CLANG_WARN_UNREACHABLE_CODE = YES;
				CLANG_WARN__DUPLICATE_METHOD_MATCH = YES;
				COPY_PHASE_STRIP = NO;
				DEBUG_INFORMATION_FORMAT = "dwarf-with-dsym";
				ENABLE_NS_ASSERTIONS = NO;
				ENABLE_STRICT_OBJC_MSGSEND = YES;
				ENABLE_USER_SCRIPT_SANDBOXING = YES;
				GCC_C_LANGUAGE_STANDARD = gnu17;
				GCC_NO_COMMON_BLOCKS = YES;
				GCC_WARN_64_TO_32_BIT_CONVERSION = YES;
				GCC_WARN_ABOUT_RETURN_TYPE = YES_ERROR;
				GCC_WARN_UNDECLARED_SELECTOR = YES;
				GCC_WARN_UNINITIALIZED_AUTOS = YES_AGGRESSIVE;
				GCC_WARN_UNUSED_FUNCTION = YES;
				GCC_WARN_UNUSED_VARIABLE = YES;
				IPHONEOS_DEPLOYMENT_TARGET = 17.5;
				LOCALIZATION_PREFERS_STRING_CATALOGS = YES;
				MTL_ENABLE_DEBUG_INFO = NO;
				MTL_FAST_MATH = YES;
				SDKROOT = iphoneos;
				SWIFT_COMPILATION_MODE = wholemodule;
				VALIDATE_PRODUCT = YES;
			};
			name = Release;
		};
		518820B82C17B9FB001A4595 /* Debug */ = {
			isa = XCBuildConfiguration;
			buildSettings = {
				ASSETCATALOG_COMPILER_APPICON_NAME = AppIcon;
				ASSETCATALOG_COMPILER_GLOBAL_ACCENT_COLOR_NAME = AccentColor;
				CODE_SIGN_STYLE = Automatic;
				CURRENT_PROJECT_VERSION = 1;
				GENERATE_INFOPLIST_FILE = YES;
				INFOPLIST_KEY_NSCameraUsageDescription = "";
				INFOPLIST_KEY_UIApplicationSupportsIndirectInputEvents = YES;
				INFOPLIST_KEY_UILaunchStoryboardName = LaunchScreen;
				INFOPLIST_KEY_UIMainStoryboardFile = Main;
				INFOPLIST_KEY_UIRequiredDeviceCapabilities = "arkit metal";
				INFOPLIST_KEY_UIRequiresFullScreen = YES;
				INFOPLIST_KEY_UIStatusBarHidden = YES;
				INFOPLIST_KEY_UISupportedInterfaceOrientations = UIInterfaceOrientationLandscapeRight;
				INFOPLIST_KEY_UISupportedInterfaceOrientations_iPad = UIInterfaceOrientationLandscapeRight;
				INFOPLIST_KEY_UISupportedInterfaceOrientations_iPhone = UIInterfaceOrientationLandscapeRight;
				LD_RUNPATH_SEARCH_PATHS = (
					"$(inherited)",
					"@executable_path/Frameworks",
				);
				MARKETING_VERSION = 1.0;
				PRODUCT_BUNDLE_IDENTIFIER = "hacks.syfhacks-vr-egg2";
				PRODUCT_NAME = "$(TARGET_NAME)";
				SWIFT_EMIT_LOC_STRINGS = YES;
				SWIFT_OBJC_BRIDGING_HEADER = "syfhacks_vr_egg2/syfhacks_vr_egg2-Bridging-Header.h";
				SWIFT_VERSION = 5.0;
				TARGETED_DEVICE_FAMILY = "1,2";
			};
			name = Debug;
		};
		518820B92C17B9FB001A4595 /* Release */ = {
			isa = XCBuildConfiguration;
			buildSettings = {
				ASSETCATALOG_COMPILER_APPICON_NAME = AppIcon;
				ASSETCATALOG_COMPILER_GLOBAL_ACCENT_COLOR_NAME = AccentColor;
				CODE_SIGN_STYLE = Automatic;
				CURRENT_PROJECT_VERSION = 1;
				GENERATE_INFOPLIST_FILE = YES;
				INFOPLIST_KEY_NSCameraUsageDescription = "";
				INFOPLIST_KEY_UIApplicationSupportsIndirectInputEvents = YES;
				INFOPLIST_KEY_UILaunchStoryboardName = LaunchScreen;
				INFOPLIST_KEY_UIMainStoryboardFile = Main;
				INFOPLIST_KEY_UIRequiredDeviceCapabilities = "arkit metal";
				INFOPLIST_KEY_UIRequiresFullScreen = YES;
				INFOPLIST_KEY_UIStatusBarHidden = YES;
				INFOPLIST_KEY_UISupportedInterfaceOrientations = UIInterfaceOrientationLandscapeRight;
				INFOPLIST_KEY_UISupportedInterfaceOrientations_iPad = UIInterfaceOrientationLandscapeRight;
				INFOPLIST_KEY_UISupportedInterfaceOrientations_iPhone = UIInterfaceOrientationLandscapeRight;
				LD_RUNPATH_SEARCH_PATHS = (
					"$(inherited)",
					"@executable_path/Frameworks",
				);
				MARKETING_VERSION = 1.0;
				PRODUCT_BUNDLE_IDENTIFIER = "hacks.syfhacks-vr-egg2";
				PRODUCT_NAME = "$(TARGET_NAME)";
				SWIFT_EMIT_LOC_STRINGS = YES;
				SWIFT_OBJC_BRIDGING_HEADER = "syfhacks_vr_egg2/syfhacks_vr_egg2-Bridging-Header.h";
				SWIFT_VERSION = 5.0;
				TARGETED_DEVICE_FAMILY = "1,2";
			};
			name = Release;
		};
		518820BB2C17B9FB001A4595 /* Debug */ = {
			isa = XCBuildConfiguration;
			buildSettings = {
				ALWAYS_EMBED_SWIFT_STANDARD_LIBRARIES = YES;
				BUNDLE_LOADER = "$(TEST_HOST)";
				CODE_SIGN_STYLE = Automatic;
				CURRENT_PROJECT_VERSION = 1;
				GENERATE_INFOPLIST_FILE = YES;
				IPHONEOS_DEPLOYMENT_TARGET = 17.5;
				MARKETING_VERSION = 1.0;
				PRODUCT_BUNDLE_IDENTIFIER = "hacks.syfhacks-vr-egg2Tests";
				PRODUCT_NAME = "$(TARGET_NAME)";
				SWIFT_EMIT_LOC_STRINGS = NO;
				SWIFT_VERSION = 5.0;
				TARGETED_DEVICE_FAMILY = "1,2";
				TEST_HOST = "$(BUILT_PRODUCTS_DIR)/syfhacks_vr_egg2.app/$(BUNDLE_EXECUTABLE_FOLDER_PATH)/syfhacks_vr_egg2";
			};
			name = Debug;
		};
		518820BC2C17B9FB001A4595 /* Release */ = {
			isa = XCBuildConfiguration;
			buildSettings = {
				ALWAYS_EMBED_SWIFT_STANDARD_LIBRARIES = YES;
				BUNDLE_LOADER = "$(TEST_HOST)";
				CODE_SIGN_STYLE = Automatic;
				CURRENT_PROJECT_VERSION = 1;
				GENERATE_INFOPLIST_FILE = YES;
				IPHONEOS_DEPLOYMENT_TARGET = 17.5;
				MARKETING_VERSION = 1.0;
				PRODUCT_BUNDLE_IDENTIFIER = "hacks.syfhacks-vr-egg2Tests";
				PRODUCT_NAME = "$(TARGET_NAME)";
				SWIFT_EMIT_LOC_STRINGS = NO;
				SWIFT_VERSION = 5.0;
				TARGETED_DEVICE_FAMILY = "1,2";
				TEST_HOST = "$(BUILT_PRODUCTS_DIR)/syfhacks_vr_egg2.app/$(BUNDLE_EXECUTABLE_FOLDER_PATH)/syfhacks_vr_egg2";
			};
			name = Release;
		};
		518820BE2C17B9FB001A4595 /* Debug */ = {
			isa = XCBuildConfiguration;
			buildSettings = {
				ALWAYS_EMBED_SWIFT_STANDARD_LIBRARIES = YES;
				CODE_SIGN_STYLE = Automatic;
				CURRENT_PROJECT_VERSION = 1;
				GENERATE_INFOPLIST_FILE = YES;
				MARKETING_VERSION = 1.0;
				PRODUCT_BUNDLE_IDENTIFIER = "hacks.syfhacks-vr-egg2UITests";
				PRODUCT_NAME = "$(TARGET_NAME)";
				SWIFT_EMIT_LOC_STRINGS = NO;
				SWIFT_VERSION = 5.0;
				TARGETED_DEVICE_FAMILY = "1,2";
				TEST_TARGET_NAME = syfhacks_vr_egg2;
			};
			name = Debug;
		};
		518820BF2C17B9FB001A4595 /* Release */ = {
			isa = XCBuildConfiguration;
			buildSettings = {
				ALWAYS_EMBED_SWIFT_STANDARD_LIBRARIES = YES;
				CODE_SIGN_STYLE = Automatic;
				CURRENT_PROJECT_VERSION = 1;
				GENERATE_INFOPLIST_FILE = YES;
				MARKETING_VERSION = 1.0;
				PRODUCT_BUNDLE_IDENTIFIER = "hacks.syfhacks-vr-egg2UITests";
				PRODUCT_NAME = "$(TARGET_NAME)";
				SWIFT_EMIT_LOC_STRINGS = NO;
				SWIFT_VERSION = 5.0;
				TARGETED_DEVICE_FAMILY = "1,2";
				TEST_TARGET_NAME = syfhacks_vr_egg2;
			};
			name = Release;
		};
/* End XCBuildConfiguration section */

/* Begin XCConfigurationList section */
		518820852C17B9FA001A4595 /* Build configuration list for PBXProject "syfhacks_vr_egg2" */ = {
			isa = XCConfigurationList;
			buildConfigurations = (
				518820B52C17B9FB001A4595 /* Debug */,
				518820B62C17B9FB001A4595 /* Release */,
			);
			defaultConfigurationIsVisible = 0;
			defaultConfigurationName = Release;
		};
		518820B72C17B9FB001A4595 /* Build configuration list for PBXNativeTarget "syfhacks_vr_egg2" */ = {
			isa = XCConfigurationList;
			buildConfigurations = (
				518820B82C17B9FB001A4595 /* Debug */,
				518820B92C17B9FB001A4595 /* Release */,
			);
			defaultConfigurationIsVisible = 0;
			defaultConfigurationName = Release;
		};
		518820BA2C17B9FB001A4595 /* Build configuration list for PBXNativeTarget "syfhacks_vr_egg2Tests" */ = {
			isa = XCConfigurationList;
			buildConfigurations = (
				518820BB2C17B9FB001A4595 /* Debug */,
				518820BC2C17B9FB001A4595 /* Release */,
			);
			defaultConfigurationIsVisible = 0;
			defaultConfigurationName = Release;
		};
		518820BD2C17B9FB001A4595 /* Build configuration list for PBXNativeTarget "syfhacks_vr_egg2UITests" */ = {
			isa = XCConfigurationList;
			buildConfigurations = (
				518820BE2C17B9FB001A4595 /* Debug */,
				518820BF2C17B9FB001A4595 /* Release */,
			);
			defaultConfigurationIsVisible = 0;
			defaultConfigurationName = Release;
		};
/* End XCConfigurationList section */
	};
	rootObject = 518820822C17B9FA001A4595 /* Project object */;
}
